PODS:
  - CardIO (5.4.1)
  - core_card_io_beta (2.0.0):
    - CardIO
    - Flutter
  - Flutter (1.0.0)

DEPENDENCIES:
  - core_card_io_beta (from `.symlinks/plugins/core_card_io_beta/ios`)
  - Flutter (from `Flutter`)

SPEC REPOS:
  trunk:
    - CardIO

EXTERNAL SOURCES:
  core_card_io_beta:
    :path: ".symlinks/plugins/core_card_io_beta/ios"
  Flutter:
    :path: Flutter

SPEC CHECKSUMS:
  CardIO: 56983b39b62f495fc6dae9ad7cf875143df06443
  core_card_io_beta: 2914d4cf3a529417a5b4dbfd29714c4315a114ba
  Flutter: e0871f40cf51350855a761d2e70bf5af5b9b5de7

PODFILE CHECKSUM: c4c93c5f6502fe2754f48404d3594bf779584011

COCOAPODS: 1.15.2
